// !$*UTF8*$!
{
	archiveVersion = 1;
	classes = {
	};
	objectVersion = 50;
	objects = {

/* Begin PBXBuildFile section */
		E920A59E21762BCD00F52C25 /* AppDelegate.m in Sources */ = {isa = PBXBuildFile; fileRef = E920A59D21762BCD00F52C25 /* AppDelegate.m */; };
		E920A5A121762BCD00F52C25 /* Document.m in Sources */ = {isa = PBXBuildFile; fileRef = E920A5A021762BCD00F52C25 /* Document.m */; };
		E920A5A421762BCD00F52C25 /* Document.xib in Resources */ = {isa = PBXBuildFile; fileRef = E920A5A221762BCD00F52C25 /* Document.xib */; };
		E920A5A621762BCE00F52C25 /* Assets.xcassets in Resources */ = {isa = PBXBuildFile; fileRef = E920A5A521762BCE00F52C25 /* Assets.xcassets */; };
		E920A5A921762BCE00F52C25 /* MainMenu.xib in Resources */ = {isa = PBXBuildFile; fileRef = E920A5A721762BCE00F52C25 /* MainMenu.xib */; };
		E920A5AC21762BCE00F52C25 /* main.m in Sources */ = {isa = PBXBuildFile; fileRef = E920A5AB21762BCE00F52C25 /* main.m */; };
		E920A5B5217631E600F52C25 /* RasterizerView.mm in Sources */ = {isa = PBXBuildFile; fileRef = E920A5B4217631E600F52C25 /* RasterizerView.mm */; };
		E920A5BB21767B7900F52C25 /* VGAffineTransform.m in Sources */ = {isa = PBXBuildFile; fileRef = E920A5B921767B7900F52C25 /* VGAffineTransform.m */; };
		E920A5BE21767BD800F52C25 /* ZoomableView.m in Sources */ = {isa = PBXBuildFile; fileRef = E920A5BD21767BD800F52C25 /* ZoomableView.m */; };
		E971DB2D218495AA005AE5E5 /* Rasterizer.icns in Resources */ = {isa = PBXBuildFile; fileRef = E971DB2C218495AA005AE5E5 /* Rasterizer.icns */; };
/* End PBXBuildFile section */

/* Begin PBXFileReference section */
		E920A59921762BCD00F52C25 /* Rasterizer.app */ = {isa = PBXFileReference; explicitFileType = wrapper.application; includeInIndex = 0; path = Rasterizer.app; sourceTree = BUILT_PRODUCTS_DIR; };
		E920A59C21762BCD00F52C25 /* AppDelegate.h */ = {isa = PBXFileReference; lastKnownFileType = sourcecode.c.h; path = AppDelegate.h; sourceTree = "<group>"; };
		E920A59D21762BCD00F52C25 /* AppDelegate.m */ = {isa = PBXFileReference; lastKnownFileType = sourcecode.c.objc; path = AppDelegate.m; sourceTree = "<group>"; };
		E920A59F21762BCD00F52C25 /* Document.h */ = {isa = PBXFileReference; lastKnownFileType = sourcecode.c.h; path = Document.h; sourceTree = "<group>"; };
		E920A5A021762BCD00F52C25 /* Document.m */ = {isa = PBXFileReference; lastKnownFileType = sourcecode.c.objc; path = Document.m; sourceTree = "<group>"; };
		E920A5A321762BCD00F52C25 /* Base */ = {isa = PBXFileReference; lastKnownFileType = file.xib; name = Base; path = Base.lproj/Document.xib; sourceTree = "<group>"; };
		E920A5A521762BCE00F52C25 /* Assets.xcassets */ = {isa = PBXFileReference; lastKnownFileType = folder.assetcatalog; path = Assets.xcassets; sourceTree = "<group>"; };
		E920A5A821762BCE00F52C25 /* Base */ = {isa = PBXFileReference; lastKnownFileType = file.xib; name = Base; path = Base.lproj/MainMenu.xib; sourceTree = "<group>"; };
		E920A5AA21762BCE00F52C25 /* Info.plist */ = {isa = PBXFileReference; lastKnownFileType = text.plist.xml; path = Info.plist; sourceTree = "<group>"; };
		E920A5AB21762BCE00F52C25 /* main.m */ = {isa = PBXFileReference; lastKnownFileType = sourcecode.c.objc; path = main.m; sourceTree = "<group>"; };
		E920A5AD21762BCE00F52C25 /* Rasterizer.entitlements */ = {isa = PBXFileReference; lastKnownFileType = text.plist.entitlements; path = Rasterizer.entitlements; sourceTree = "<group>"; };
		E920A5B3217631E600F52C25 /* RasterizerView.h */ = {isa = PBXFileReference; lastKnownFileType = sourcecode.c.h; path = RasterizerView.h; sourceTree = "<group>"; };
		E920A5B4217631E600F52C25 /* RasterizerView.mm */ = {isa = PBXFileReference; lastKnownFileType = sourcecode.cpp.objcpp; path = RasterizerView.mm; sourceTree = "<group>"; };
		E920A5B921767B7900F52C25 /* VGAffineTransform.m */ = {isa = PBXFileReference; fileEncoding = 4; lastKnownFileType = sourcecode.c.objc; path = VGAffineTransform.m; sourceTree = "<group>"; };
		E920A5BA21767B7900F52C25 /* VGAffineTransform.h */ = {isa = PBXFileReference; fileEncoding = 4; lastKnownFileType = sourcecode.c.h; path = VGAffineTransform.h; sourceTree = "<group>"; };
		E920A5BC21767BD800F52C25 /* ZoomableView.h */ = {isa = PBXFileReference; lastKnownFileType = sourcecode.c.h; path = ZoomableView.h; sourceTree = "<group>"; };
		E920A5BD21767BD800F52C25 /* ZoomableView.m */ = {isa = PBXFileReference; lastKnownFileType = sourcecode.c.objc; path = ZoomableView.m; sourceTree = "<group>"; };
		E946C9D1217F0F8B004582CC /* RasterizerCoreGraphics.hpp */ = {isa = PBXFileReference; lastKnownFileType = sourcecode.cpp.h; path = RasterizerCoreGraphics.hpp; sourceTree = "<group>"; };
		E956EDB22177D6BD0094B5AE /* Rasterizer.hpp */ = {isa = PBXFileReference; lastKnownFileType = sourcecode.cpp.h; path = Rasterizer.hpp; sourceTree = "<group>"; };
		E971DB2C218495AA005AE5E5 /* Rasterizer.icns */ = {isa = PBXFileReference; lastKnownFileType = image.icns; path = Rasterizer.icns; sourceTree = "<group>"; };
		E9A7FA84218FAB380031FD4E /* nanosvg.h */ = {isa = PBXFileReference; lastKnownFileType = sourcecode.c.h; name = nanosvg.h; path = ../../../nanosvg/src/nanosvg.h; sourceTree = "<group>"; };
		E9A7FA85218FABDF0031FD4E /* RasterizerSVG.hpp */ = {isa = PBXFileReference; lastKnownFileType = sourcecode.cpp.h; path = RasterizerSVG.hpp; sourceTree = "<group>"; };
/* End PBXFileReference section */

/* Begin PBXFrameworksBuildPhase section */
		E920A59621762BCD00F52C25 /* Frameworks */ = {
			isa = PBXFrameworksBuildPhase;
			buildActionMask = 2147483647;
			files = (
			);
			runOnlyForDeploymentPostprocessing = 0;
		};
/* End PBXFrameworksBuildPhase section */

/* Begin PBXGroup section */
		E920A59021762BCD00F52C25 = {
			isa = PBXGroup;
			children = (
				E920A59B21762BCD00F52C25 /* Rasterizer */,
				E920A59A21762BCD00F52C25 /* Products */,
			);
			sourceTree = "<group>";
		};
		E920A59A21762BCD00F52C25 /* Products */ = {
			isa = PBXGroup;
			children = (
				E920A59921762BCD00F52C25 /* Rasterizer.app */,
			);
			name = Products;
			sourceTree = "<group>";
		};
		E920A59B21762BCD00F52C25 /* Rasterizer */ = {
			isa = PBXGroup;
			children = (
				E9A7FA84218FAB380031FD4E /* nanosvg.h */,
				E956EDB22177D6BD0094B5AE /* Rasterizer.hpp */,
				E946C9D1217F0F8B004582CC /* RasterizerCoreGraphics.hpp */,
				E9A7FA85218FABDF0031FD4E /* RasterizerSVG.hpp */,
				E920A59C21762BCD00F52C25 /* AppDelegate.h */,
				E920A59D21762BCD00F52C25 /* AppDelegate.m */,
				E920A59F21762BCD00F52C25 /* Document.h */,
				E920A5A021762BCD00F52C25 /* Document.m */,
				E920A5A221762BCD00F52C25 /* Document.xib */,
				E920A5A521762BCE00F52C25 /* Assets.xcassets */,
				E920A5A721762BCE00F52C25 /* MainMenu.xib */,
				E920A5AA21762BCE00F52C25 /* Info.plist */,
				E920A5AB21762BCE00F52C25 /* main.m */,
				E920A5AD21762BCE00F52C25 /* Rasterizer.entitlements */,
				E971DB2C218495AA005AE5E5 /* Rasterizer.icns */,
				E920A5B3217631E600F52C25 /* RasterizerView.h */,
				E920A5B4217631E600F52C25 /* RasterizerView.mm */,
				E920A5BC21767BD800F52C25 /* ZoomableView.h */,
				E920A5BD21767BD800F52C25 /* ZoomableView.m */,
				E920A5BA21767B7900F52C25 /* VGAffineTransform.h */,
				E920A5B921767B7900F52C25 /* VGAffineTransform.m */,
			);
			path = Rasterizer;
			sourceTree = "<group>";
		};
/* End PBXGroup section */

/* Begin PBXNativeTarget section */
		E920A59821762BCD00F52C25 /* Rasterizer */ = {
			isa = PBXNativeTarget;
			buildConfigurationList = E920A5B021762BCE00F52C25 /* Build configuration list for PBXNativeTarget "Rasterizer" */;
			buildPhases = (
				E920A59521762BCD00F52C25 /* Sources */,
				E920A59621762BCD00F52C25 /* Frameworks */,
				E920A59721762BCD00F52C25 /* Resources */,
			);
			buildRules = (
			);
			dependencies = (
			);
			name = Rasterizer;
			productName = Rasterizer;
			productReference = E920A59921762BCD00F52C25 /* Rasterizer.app */;
			productType = "com.apple.product-type.application";
		};
/* End PBXNativeTarget section */

/* Begin PBXProject section */
		E920A59121762BCD00F52C25 /* Project object */ = {
			isa = PBXProject;
			attributes = {
				LastUpgradeCheck = 0940;
				ORGANIZATIONNAME = "@mindbrix";
				TargetAttributes = {
					E920A59821762BCD00F52C25 = {
						CreatedOnToolsVersion = 9.4.1;
					};
				};
			};
			buildConfigurationList = E920A59421762BCD00F52C25 /* Build configuration list for PBXProject "Rasterizer" */;
			compatibilityVersion = "Xcode 9.3";
			developmentRegion = en;
			hasScannedForEncodings = 0;
			knownRegions = (
				en,
				Base,
			);
			mainGroup = E920A59021762BCD00F52C25;
			productRefGroup = E920A59A21762BCD00F52C25 /* Products */;
			projectDirPath = "";
			projectRoot = "";
			targets = (
				E920A59821762BCD00F52C25 /* Rasterizer */,
			);
		};
/* End PBXProject section */

/* Begin PBXResourcesBuildPhase section */
		E920A59721762BCD00F52C25 /* Resources */ = {
			isa = PBXResourcesBuildPhase;
			buildActionMask = 2147483647;
			files = (
				E920A5A621762BCE00F52C25 /* Assets.xcassets in Resources */,
				E971DB2D218495AA005AE5E5 /* Rasterizer.icns in Resources */,
				E920A5A421762BCD00F52C25 /* Document.xib in Resources */,
				E920A5A921762BCE00F52C25 /* MainMenu.xib in Resources */,
			);
			runOnlyForDeploymentPostprocessing = 0;
		};
/* End PBXResourcesBuildPhase section */

/* Begin PBXSourcesBuildPhase section */
		E920A59521762BCD00F52C25 /* Sources */ = {
			isa = PBXSourcesBuildPhase;
			buildActionMask = 2147483647;
			files = (
				E920A5BB21767B7900F52C25 /* VGAffineTransform.m in Sources */,
				E920A5A121762BCD00F52C25 /* Document.m in Sources */,
				E920A5B5217631E600F52C25 /* RasterizerView.mm in Sources */,
				E920A5AC21762BCE00F52C25 /* main.m in Sources */,
				E920A5BE21767BD800F52C25 /* ZoomableView.m in Sources */,
				E920A59E21762BCD00F52C25 /* AppDelegate.m in Sources */,
			);
			runOnlyForDeploymentPostprocessing = 0;
		};
/* End PBXSourcesBuildPhase section */

/* Begin PBXVariantGroup section */
		E920A5A221762BCD00F52C25 /* Document.xib */ = {
			isa = PBXVariantGroup;
			children = (
				E920A5A321762BCD00F52C25 /* Base */,
			);
			name = Document.xib;
			sourceTree = "<group>";
		};
		E920A5A721762BCE00F52C25 /* MainMenu.xib */ = {
			isa = PBXVariantGroup;
			children = (
				E920A5A821762BCE00F52C25 /* Base */,
			);
			name = MainMenu.xib;
			sourceTree = "<group>";
		};
/* End PBXVariantGroup section */

/* Begin XCBuildConfiguration section */
		E920A5AE21762BCE00F52C25 /* Debug */ = {
			isa = XCBuildConfiguration;
			buildSettings = {
				ALWAYS_SEARCH_USER_PATHS = NO;
				CLANG_ANALYZER_NONNULL = YES;
				CLANG_ANALYZER_NUMBER_OBJECT_CONVERSION = YES_AGGRESSIVE;
				CLANG_CXX_LANGUAGE_STANDARD = "gnu++14";
				CLANG_CXX_LIBRARY = "libc++";
				CLANG_ENABLE_MODULES = YES;
				CLANG_ENABLE_OBJC_ARC = YES;
				CLANG_ENABLE_OBJC_WEAK = YES;
				CLANG_WARN_BLOCK_CAPTURE_AUTORELEASING = YES;
				CLANG_WARN_BOOL_CONVERSION = YES;
				CLANG_WARN_COMMA = YES;
				CLANG_WARN_CONSTANT_CONVERSION = YES;
				CLANG_WARN_DEPRECATED_OBJC_IMPLEMENTATIONS = YES;
				CLANG_WARN_DIRECT_OBJC_ISA_USAGE = YES_ERROR;
				CLANG_WARN_DOCUMENTATION_COMMENTS = YES;
				CLANG_WARN_EMPTY_BODY = YES;
				CLANG_WARN_ENUM_CONVERSION = YES;
				CLANG_WARN_INFINITE_RECURSION = YES;
				CLANG_WARN_INT_CONVERSION = YES;
				CLANG_WARN_NON_LITERAL_NULL_CONVERSION = YES;
				CLANG_WARN_OBJC_IMPLICIT_RETAIN_SELF = YES;
				CLANG_WARN_OBJC_LITERAL_CONVERSION = YES;
				CLANG_WARN_OBJC_ROOT_CLASS = YES_ERROR;
				CLANG_WARN_RANGE_LOOP_ANALYSIS = YES;
				CLANG_WARN_STRICT_PROTOTYPES = YES;
				CLANG_WARN_SUSPICIOUS_MOVE = YES;
				CLANG_WARN_UNGUARDED_AVAILABILITY = YES_AGGRESSIVE;
				CLANG_WARN_UNREACHABLE_CODE = YES;
				CLANG_WARN__DUPLICATE_METHOD_MATCH = YES;
				CODE_SIGN_IDENTITY = "Mac Developer";
				COPY_PHASE_STRIP = NO;
				DEBUG_INFORMATION_FORMAT = dwarf;
				ENABLE_STRICT_OBJC_MSGSEND = YES;
				ENABLE_TESTABILITY = YES;
				GCC_C_LANGUAGE_STANDARD = gnu11;
				GCC_DYNAMIC_NO_PIC = NO;
				GCC_NO_COMMON_BLOCKS = YES;
				GCC_OPTIMIZATION_LEVEL = 0;
				GCC_PREPROCESSOR_DEFINITIONS = (
					"DEBUG=1",
					"$(inherited)",
				);
				GCC_WARN_64_TO_32_BIT_CONVERSION = YES;
				GCC_WARN_ABOUT_RETURN_TYPE = YES_ERROR;
				GCC_WARN_UNDECLARED_SELECTOR = YES;
				GCC_WARN_UNINITIALIZED_AUTOS = YES_AGGRESSIVE;
				GCC_WARN_UNUSED_FUNCTION = YES;
				GCC_WARN_UNUSED_VARIABLE = YES;
				MACOSX_DEPLOYMENT_TARGET = 10.12;
				MTL_ENABLE_DEBUG_INFO = YES;
				ONLY_ACTIVE_ARCH = YES;
				SDKROOT = macosx;
			};
			name = Debug;
		};
		E920A5AF21762BCE00F52C25 /* Release */ = {
			isa = XCBuildConfiguration;
			buildSettings = {
				ALWAYS_SEARCH_USER_PATHS = NO;
				CLANG_ANALYZER_NONNULL = YES;
				CLANG_ANALYZER_NUMBER_OBJECT_CONVERSION = YES_AGGRESSIVE;
				CLANG_CXX_LANGUAGE_STANDARD = "gnu++14";
				CLANG_CXX_LIBRARY = "libc++";
				CLANG_ENABLE_MODULES = YES;
				CLANG_ENABLE_OBJC_ARC = YES;
				CLANG_ENABLE_OBJC_WEAK = YES;
				CLANG_WARN_BLOCK_CAPTURE_AUTORELEASING = YES;
				CLANG_WARN_BOOL_CONVERSION = YES;
				CLANG_WARN_COMMA = YES;
				CLANG_WARN_CONSTANT_CONVERSION = YES;
				CLANG_WARN_DEPRECATED_OBJC_IMPLEMENTATIONS = YES;
				CLANG_WARN_DIRECT_OBJC_ISA_USAGE = YES_ERROR;
				CLANG_WARN_DOCUMENTATION_COMMENTS = YES;
				CLANG_WARN_EMPTY_BODY = YES;
				CLANG_WARN_ENUM_CONVERSION = YES;
				CLANG_WARN_INFINITE_RECURSION = YES;
				CLANG_WARN_INT_CONVERSION = YES;
				CLANG_WARN_NON_LITERAL_NULL_CONVERSION = YES;
				CLANG_WARN_OBJC_IMPLICIT_RETAIN_SELF = YES;
				CLANG_WARN_OBJC_LITERAL_CONVERSION = YES;
				CLANG_WARN_OBJC_ROOT_CLASS = YES_ERROR;
				CLANG_WARN_RANGE_LOOP_ANALYSIS = YES;
				CLANG_WARN_STRICT_PROTOTYPES = YES;
				CLANG_WARN_SUSPICIOUS_MOVE = YES;
				CLANG_WARN_UNGUARDED_AVAILABILITY = YES_AGGRESSIVE;
				CLANG_WARN_UNREACHABLE_CODE = YES;
				CLANG_WARN__DUPLICATE_METHOD_MATCH = YES;
				CODE_SIGN_IDENTITY = "Mac Developer";
				COPY_PHASE_STRIP = NO;
				DEBUG_INFORMATION_FORMAT = "dwarf-with-dsym";
				ENABLE_NS_ASSERTIONS = NO;
				ENABLE_STRICT_OBJC_MSGSEND = YES;
				GCC_C_LANGUAGE_STANDARD = gnu11;
				GCC_NO_COMMON_BLOCKS = YES;
				GCC_WARN_64_TO_32_BIT_CONVERSION = YES;
				GCC_WARN_ABOUT_RETURN_TYPE = YES_ERROR;
				GCC_WARN_UNDECLARED_SELECTOR = YES;
				GCC_WARN_UNINITIALIZED_AUTOS = YES_AGGRESSIVE;
				GCC_WARN_UNUSED_FUNCTION = YES;
				GCC_WARN_UNUSED_VARIABLE = YES;
				MACOSX_DEPLOYMENT_TARGET = 10.12;
				MTL_ENABLE_DEBUG_INFO = NO;
				SDKROOT = macosx;
			};
			name = Release;
		};
		E920A5B121762BCE00F52C25 /* Debug */ = {
			isa = XCBuildConfiguration;
			buildSettings = {
				ASSETCATALOG_COMPILER_APPICON_NAME = AppIcon;
				CODE_SIGN_ENTITLEMENTS = Rasterizer/Rasterizer.entitlements;
				CODE_SIGN_STYLE = Automatic;
				COMBINE_HIDPI_IMAGES = YES;
				DEVELOPMENT_TEAM = WUZW9LMF53;
				INFOPLIST_FILE = Rasterizer/Info.plist;
				LD_RUNPATH_SEARCH_PATHS = (
					"$(inherited)",
					"@executable_path/../Frameworks",
				);
				PRODUCT_BUNDLE_IDENTIFIER = uk.co.mindbrix.Rasterizer;
				PRODUCT_NAME = "$(TARGET_NAME)";
			};
			name = Debug;
		};
		E920A5B221762BCE00F52C25 /* Release */ = {
			isa = XCBuildConfiguration;
			buildSettings = {
				ASSETCATALOG_COMPILER_APPICON_NAME = AppIcon;
				CODE_SIGN_ENTITLEMENTS = Rasterizer/Rasterizer.entitlements;
				CODE_SIGN_STYLE = Automatic;
				COMBINE_HIDPI_IMAGES = YES;
				DEVELOPMENT_TEAM = WUZW9LMF53;
				INFOPLIST_FILE = Rasterizer/Info.plist;
				LD_RUNPATH_SEARCH_PATHS = (
					"$(inherited)",
					"@executable_path/../Frameworks",
				);
				PRODUCT_BUNDLE_IDENTIFIER = uk.co.mindbrix.Rasterizer;
				PRODUCT_NAME = "$(TARGET_NAME)";
			};
			name = Release;
		};
/* End XCBuildConfiguration section */

/* Begin XCConfigurationList section */
		E920A59421762BCD00F52C25 /* Build configuration list for PBXProject "Rasterizer" */ = {
			isa = XCConfigurationList;
			buildConfigurations = (
				E920A5AE21762BCE00F52C25 /* Debug */,
				E920A5AF21762BCE00F52C25 /* Release */,
			);
			defaultConfigurationIsVisible = 0;
			defaultConfigurationName = Release;
		};
		E920A5B021762BCE00F52C25 /* Build configuration list for PBXNativeTarget "Rasterizer" */ = {
			isa = XCConfigurationList;
			buildConfigurations = (
				E920A5B121762BCE00F52C25 /* Debug */,
				E920A5B221762BCE00F52C25 /* Release */,
			);
			defaultConfigurationIsVisible = 0;
			defaultConfigurationName = Release;
		};
/* End XCConfigurationList section */
	};
	rootObject = E920A59121762BCD00F52C25 /* Project object */;
}
